
Microsoft Visual Studio Solution File, Format Version 12.00
# Visual Studio Version 17
VisualStudioVersion = 17.6.33829.357
MinimumVisualStudioVersion = 10.0.40219.1
Project("{2150E333-8FDC-42A3-9474-1A3956D46DE8}") = "src", "src", "{DF2DFFB6-4F84-4A79-ACA9-7D76B5F18B30}"
EndProject
Project("{2150E333-8FDC-42A3-9474-1A3956D46DE8}") = "Core", "Core", "{86744CAA-1E99-4CFA-A807-8A4D72D0720A}"
EndProject
Project("{2150E333-8FDC-42A3-9474-1A3956D46DE8}") = "Infrastructure", "Infrastructure", "{CB794954-3E97-487F-8D19-CB279BA1B8FE}"
EndProject
Project("{2150E333-8FDC-42A3-9474-1A3956D46DE8}") = "UI", "UI", "{13A98494-E2AB-4806-B547-F9CEC14CD14B}"
EndProject
Project("{9A19103F-16F7-4668-BE54-9A1E7A4F7556}") = "DEPTAT.Application", "DEPTAT.Application\DEPTAT.Application.csproj", "{7E265463-6334-42D7-A6F2-A3CEFD144DA4}"
EndProject
Project("{9A19103F-16F7-4668-BE54-9A1E7A4F7556}") = "DEPTAT.Domain", "DEPTAT.Domain\DEPTAT.Domain.csproj", "{F176AB10-6397-481A-9D0F-1AA1058E69BF}"
EndProject
Project("{9A19103F-16F7-4668-BE54-9A1E7A4F7556}") = "DEPTAT.Persistance", "DEPTAT.Persistance\DEPTAT.Persistance.csproj", "{66E26139-F60E-41CB-845E-480AEED39DEB}"
EndProject
Project("{9A19103F-16F7-4668-BE54-9A1E7A4F7556}") = "DEPTAT.UI", "DEPTAT.UI\DEPTAT.UI.csproj", "{A7888F45-95CA-4B33-B41B-DE191C2A743E}"
EndProject
Project("{FAE04EC0-301F-11D3-BF4B-00C04F79EFBC}") = "DEPTAT.Infrastructure", "DEPTAT.Infrastructure\DEPTAT.Infrastructure.csproj", "{EC02C0D5-36A1-4B6E-AC1C-B4494CA79693}"
EndProject
Global
	GlobalSection(SolutionConfigurationPlatforms) = preSolution
		Debug|Any CPU = Debug|Any CPU
		Release|Any CPU = Release|Any CPU
	EndGlobalSection
	GlobalSection(ProjectConfigurationPlatforms) = postSolution
		{7E265463-6334-42D7-A6F2-A3CEFD144DA4}.Debug|Any CPU.ActiveCfg = Debug|Any CPU
		{7E265463-6334-42D7-A6F2-A3CEFD144DA4}.Debug|Any CPU.Build.0 = Debug|Any CPU
		{7E265463-6334-42D7-A6F2-A3CEFD144DA4}.Release|Any CPU.ActiveCfg = Release|Any CPU
		{7E265463-6334-42D7-A6F2-A3CEFD144DA4}.Release|Any CPU.Build.0 = Release|Any CPU
		{F176AB10-6397-481A-9D0F-1AA1058E69BF}.Debug|Any CPU.ActiveCfg = Debug|Any CPU
		{F176AB10-6397-481A-9D0F-1AA1058E69BF}.Debug|Any CPU.Build.0 = Debug|Any CPU
		{F176AB10-6397-481A-9D0F-1AA1058E69BF}.Release|Any CPU.ActiveCfg = Release|Any CPU
		{F176AB10-6397-481A-9D0F-1AA1058E69BF}.Release|Any CPU.Build.0 = Release|Any CPU
		{66E26139-F60E-41CB-845E-480AEED39DEB}.Debug|Any CPU.ActiveCfg = Debug|Any CPU
		{66E26139-F60E-41CB-845E-480AEED39DEB}.Debug|Any CPU.Build.0 = Debug|Any CPU
		{66E26139-F60E-41CB-845E-480AEED39DEB}.Release|Any CPU.ActiveCfg = Release|Any CPU
		{66E26139-F60E-41CB-845E-480AEED39DEB}.Release|Any CPU.Build.0 = Release|Any CPU
		{A7888F45-95CA-4B33-B41B-DE191C2A743E}.Debug|Any CPU.ActiveCfg = Debug|Any CPU
		{A7888F45-95CA-4B33-B41B-DE191C2A743E}.Debug|Any CPU.Build.0 = Debug|Any CPU
		{A7888F45-95CA-4B33-B41B-DE191C2A743E}.Release|Any CPU.ActiveCfg = Release|Any CPU
		{A7888F45-95CA-4B33-B41B-DE191C2A743E}.Release|Any CPU.Build.0 = Release|Any CPU
		{EC02C0D5-36A1-4B6E-AC1C-B4494CA79693}.Debug|Any CPU.ActiveCfg = Debug|Any CPU
		{EC02C0D5-36A1-4B6E-AC1C-B4494CA79693}.Debug|Any CPU.Build.0 = Debug|Any CPU
		{EC02C0D5-36A1-4B6E-AC1C-B4494CA79693}.Release|Any CPU.ActiveCfg = Release|Any CPU
		{EC02C0D5-36A1-4B6E-AC1C-B4494CA79693}.Release|Any CPU.Build.0 = Release|Any CPU
	EndGlobalSection
	GlobalSection(SolutionProperties) = preSolution
		HideSolutionNode = FALSE
	EndGlobalSection
	GlobalSection(NestedProjects) = preSolution
		{86744CAA-1E99-4CFA-A807-8A4D72D0720A} = {DF2DFFB6-4F84-4A79-ACA9-7D76B5F18B30}
		{CB794954-3E97-487F-8D19-CB279BA1B8FE} = {DF2DFFB6-4F84-4A79-ACA9-7D76B5F18B30}
		{13A98494-E2AB-4806-B547-F9CEC14CD14B} = {DF2DFFB6-4F84-4A79-ACA9-7D76B5F18B30}
		{7E265463-6334-42D7-A6F2-A3CEFD144DA4} = {86744CAA-1E99-4CFA-A807-8A4D72D0720A}
		{F176AB10-6397-481A-9D0F-1AA1058E69BF} = {86744CAA-1E99-4CFA-A807-8A4D72D0720A}
		{66E26139-F60E-41CB-845E-480AEED39DEB} = {CB794954-3E97-487F-8D19-CB279BA1B8FE}
		{A7888F45-95CA-4B33-B41B-DE191C2A743E} = {13A98494-E2AB-4806-B547-F9CEC14CD14B}
		{EC02C0D5-36A1-4B6E-AC1C-B4494CA79693} = {CB794954-3E97-487F-8D19-CB279BA1B8FE}
	EndGlobalSection
	GlobalSection(ExtensibilityGlobals) = postSolution
		SolutionGuid = {E1D8E623-6C43-4379-B0C6-86574B2BDC17}
	EndGlobalSection
EndGlobal
